// !$*UTF8*$!
{
	archiveVersion = 1;
	classes = {
	};
	objectVersion = 46;
	objects = {

/* Begin PBXBuildFile section */
		3E3B07A715ED2EDC00198665 /* SenTestingKit.framework in Frameworks */ = {isa = PBXBuildFile; fileRef = 3E4682A915E4ED7900813C98 /* SenTestingKit.framework */; };
		3E3B07A815ED2EDC00198665 /* Cocoa.framework in Frameworks */ = {isa = PBXBuildFile; fileRef = 3EDA32C415513A7900787007 /* Cocoa.framework */; };
		3E3B07AE15ED2EDC00198665 /* InfoPlist.strings in Resources */ = {isa = PBXBuildFile; fileRef = 3E3B07AC15ED2EDC00198665 /* InfoPlist.strings */; };
		3E3B07B115ED2EDC00198665 /* MocoApplicationTest.m in Sources */ = {isa = PBXBuildFile; fileRef = 3E3B07B015ED2EDC00198665 /* MocoApplicationTest.m */; };
		3E3B080415EE410700198665 /* MocoRegistrationTest.m in Sources */ = {isa = PBXBuildFile; fileRef = 3E3B080315EE410700198665 /* MocoRegistrationTest.m */; };
		3E3B080715EE468D00198665 /* MocoApplicationViewController.mm in Sources */ = {isa = PBXBuildFile; fileRef = 3E3B080615EE468D00198665 /* MocoApplicationViewController.mm */; };
		3E41C05815D50A17001FDFCB /* MocoRegistration.mm in Sources */ = {isa = PBXBuildFile; fileRef = 3E41C05515D50A17001FDFCB /* MocoRegistration.mm */; };
		3E41C05915D50A17001FDFCB /* MocoRegistrationProperty.m in Sources */ = {isa = PBXBuildFile; fileRef = 3E41C05715D50A17001FDFCB /* MocoRegistrationProperty.m */; };
		3E56B30815C7C12800493310 /* MocoDrawView.xib in Resources */ = {isa = PBXBuildFile; fileRef = 3E56B30715C7C12700493310 /* MocoDrawView.xib */; };
		3E56B30C15C7C47D00493310 /* MocoDrawRotationView.m in Sources */ = {isa = PBXBuildFile; fileRef = 3E56B30B15C7C47D00493310 /* MocoDrawRotationView.m */; };
		3E57015615A44D7000845683 /* defaultRegParams.plist in Resources */ = {isa = PBXBuildFile; fileRef = 3E57015515A44D7000845683 /* defaultRegParams.plist */; };
		3E7DB64C15A45595002966AE /* libITKAlgorithms.a in Frameworks */ = {isa = PBXBuildFile; fileRef = 3E7DB62C15A45595002966AE /* libITKAlgorithms.a */; };
		3E7DB64D15A45595002966AE /* libITKBasicFilters.a in Frameworks */ = {isa = PBXBuildFile; fileRef = 3E7DB62D15A45595002966AE /* libITKBasicFilters.a */; };
		3E7DB64E15A45595002966AE /* libITKCommon.a in Frameworks */ = {isa = PBXBuildFile; fileRef = 3E7DB62E15A45595002966AE /* libITKCommon.a */; };
		3E7DB64F15A45595002966AE /* libITKDICOMParser.a in Frameworks */ = {isa = PBXBuildFile; fileRef = 3E7DB62F15A45595002966AE /* libITKDICOMParser.a */; };
		3E7DB65015A45595002966AE /* libITKEXPAT.a in Frameworks */ = {isa = PBXBuildFile; fileRef = 3E7DB63015A45595002966AE /* libITKEXPAT.a */; };
		3E7DB65115A45595002966AE /* libITKFEM.a in Frameworks */ = {isa = PBXBuildFile; fileRef = 3E7DB63115A45595002966AE /* libITKFEM.a */; };
		3E7DB65215A45595002966AE /* libitkgdcm.a in Frameworks */ = {isa = PBXBuildFile; fileRef = 3E7DB63215A45595002966AE /* libitkgdcm.a */; };
		3E7DB65315A45595002966AE /* libITKIO.a in Frameworks */ = {isa = PBXBuildFile; fileRef = 3E7DB63315A45595002966AE /* libITKIO.a */; };
		3E7DB65415A45595002966AE /* libITKIOReview.a in Frameworks */ = {isa = PBXBuildFile; fileRef = 3E7DB63415A45595002966AE /* libITKIOReview.a */; };
		3E7DB65515A45595002966AE /* libitkjpeg8.a in Frameworks */ = {isa = PBXBuildFile; fileRef = 3E7DB63515A45595002966AE /* libitkjpeg8.a */; };
		3E7DB65615A45595002966AE /* libitkjpeg12.a in Frameworks */ = {isa = PBXBuildFile; fileRef = 3E7DB63615A45595002966AE /* libitkjpeg12.a */; };
		3E7DB65715A45595002966AE /* libitkjpeg16.a in Frameworks */ = {isa = PBXBuildFile; fileRef = 3E7DB63715A45595002966AE /* libitkjpeg16.a */; };
		3E7DB65815A45595002966AE /* libITKMetaIO.a in Frameworks */ = {isa = PBXBuildFile; fileRef = 3E7DB63815A45595002966AE /* libITKMetaIO.a */; };
		3E7DB65915A45595002966AE /* libitkNetlibSlatec.a in Frameworks */ = {isa = PBXBuildFile; fileRef = 3E7DB63915A45595002966AE /* libitkNetlibSlatec.a */; };
		3E7DB65A15A45595002966AE /* libITKniftiio.a in Frameworks */ = {isa = PBXBuildFile; fileRef = 3E7DB63A15A45595002966AE /* libITKniftiio.a */; };
		3E7DB65B15A45595002966AE /* libITKNrrdIO.a in Frameworks */ = {isa = PBXBuildFile; fileRef = 3E7DB63B15A45595002966AE /* libITKNrrdIO.a */; };
		3E7DB65C15A45595002966AE /* libITKNumerics.a in Frameworks */ = {isa = PBXBuildFile; fileRef = 3E7DB63C15A45595002966AE /* libITKNumerics.a */; };
		3E7DB65D15A45595002966AE /* libitkopenjpeg.a in Frameworks */ = {isa = PBXBuildFile; fileRef = 3E7DB63D15A45595002966AE /* libitkopenjpeg.a */; };
		3E7DB65E15A45595002966AE /* libitkpng.a in Frameworks */ = {isa = PBXBuildFile; fileRef = 3E7DB63E15A45595002966AE /* libitkpng.a */; };
		3E7DB65F15A45595002966AE /* libITKQuadEdgeMesh.a in Frameworks */ = {isa = PBXBuildFile; fileRef = 3E7DB63F15A45595002966AE /* libITKQuadEdgeMesh.a */; };
		3E7DB66015A45595002966AE /* libITKSpatialObject.a in Frameworks */ = {isa = PBXBuildFile; fileRef = 3E7DB64015A45595002966AE /* libITKSpatialObject.a */; };
		3E7DB66115A45595002966AE /* libITKStatistics.a in Frameworks */ = {isa = PBXBuildFile; fileRef = 3E7DB64115A45595002966AE /* libITKStatistics.a */; };
		3E7DB66215A45595002966AE /* libitksys.a in Frameworks */ = {isa = PBXBuildFile; fileRef = 3E7DB64215A45595002966AE /* libitksys.a */; };
		3E7DB66315A45595002966AE /* libitktiff.a in Frameworks */ = {isa = PBXBuildFile; fileRef = 3E7DB64315A45595002966AE /* libitktiff.a */; };
		3E7DB66415A45595002966AE /* libitkv3p_lsqr.a in Frameworks */ = {isa = PBXBuildFile; fileRef = 3E7DB64415A45595002966AE /* libitkv3p_lsqr.a */; };
		3E7DB66515A45595002966AE /* libitkv3p_netlib.a in Frameworks */ = {isa = PBXBuildFile; fileRef = 3E7DB64515A45595002966AE /* libitkv3p_netlib.a */; };
		3E7DB66615A45595002966AE /* libitkvcl.a in Frameworks */ = {isa = PBXBuildFile; fileRef = 3E7DB64615A45595002966AE /* libitkvcl.a */; };
		3E7DB66715A45595002966AE /* libitkvnl_algo.a in Frameworks */ = {isa = PBXBuildFile; fileRef = 3E7DB64715A45595002966AE /* libitkvnl_algo.a */; };
		3E7DB66815A45595002966AE /* libitkvnl_inst.a in Frameworks */ = {isa = PBXBuildFile; fileRef = 3E7DB64815A45595002966AE /* libitkvnl_inst.a */; };
		3E7DB66915A45595002966AE /* libitkvnl.a in Frameworks */ = {isa = PBXBuildFile; fileRef = 3E7DB64915A45595002966AE /* libitkvnl.a */; };
		3E7DB66A15A45595002966AE /* libitkzlib.a in Frameworks */ = {isa = PBXBuildFile; fileRef = 3E7DB64A15A45595002966AE /* libitkzlib.a */; };
		3E7DB66B15A45595002966AE /* libITKznz.a in Frameworks */ = {isa = PBXBuildFile; fileRef = 3E7DB64B15A45595002966AE /* libITKznz.a */; };
		3E98903B16143FF200086C21 /* libboost_date_time-mt.dylib in Frameworks */ = {isa = PBXBuildFile; fileRef = 3E98903A16143FF200086C21 /* libboost_date_time-mt.dylib */; };
		3E98903D1614401800086C21 /* libboost_filesystem-mt.dylib in Frameworks */ = {isa = PBXBuildFile; fileRef = 3E98903C1614401800086C21 /* libboost_filesystem-mt.dylib */; };
		3E98903F1614402600086C21 /* libboost_system-mt.dylib in Frameworks */ = {isa = PBXBuildFile; fileRef = 3E98903E1614402600086C21 /* libboost_system-mt.dylib */; };
		3E9890411614404D00086C21 /* libboost_regex-mt.dylib in Frameworks */ = {isa = PBXBuildFile; fileRef = 3E9890401614404D00086C21 /* libboost_regex-mt.dylib */; };
		3E98904716149E4300086C21 /* Cocoa.framework in Frameworks */ = {isa = PBXBuildFile; fileRef = 3EDA32C415513A7900787007 /* Cocoa.framework */; };
		3E98905D16149EA100086C21 /* EDDataElement.h in Headers */ = {isa = PBXBuildFile; fileRef = 3E98905116149EA100086C21 /* EDDataElement.h */; };
		3E98905E16149EA100086C21 /* EDDataElement.mm in Sources */ = {isa = PBXBuildFile; fileRef = 3E98905216149EA100086C21 /* EDDataElement.mm */; };
		3E98905F16149EA100086C21 /* EDDataElementIsis.h in Headers */ = {isa = PBXBuildFile; fileRef = 3E98905316149EA100086C21 /* EDDataElementIsis.h */; };
		3E98906016149EA100086C21 /* EDDataElementIsis.mm in Sources */ = {isa = PBXBuildFile; fileRef = 3E98905416149EA100086C21 /* EDDataElementIsis.mm */; };
		3E98906116149EA100086C21 /* EDDataElementIsisRealTime.h in Headers */ = {isa = PBXBuildFile; fileRef = 3E98905516149EA100086C21 /* EDDataElementIsisRealTime.h */; };
		3E98906216149EA100086C21 /* EDDataElementIsisRealTime.mm in Sources */ = {isa = PBXBuildFile; fileRef = 3E98905616149EA100086C21 /* EDDataElementIsisRealTime.mm */; };
		3E98906316149EA100086C21 /* EDDataElementRealTimeLoader.h in Headers */ = {isa = PBXBuildFile; fileRef = 3E98905716149EA100086C21 /* EDDataElementRealTimeLoader.h */; };
		3E98906416149EA100086C21 /* EDDataElementRealTimeLoader.mm in Sources */ = {isa = PBXBuildFile; fileRef = 3E98905816149EA100086C21 /* EDDataElementRealTimeLoader.mm */; };
		3E98906716149EA100086C21 /* EDIsisImage.cpp in Sources */ = {isa = PBXBuildFile; fileRef = 3E98905B16149EA100086C21 /* EDIsisImage.cpp */; };
		3E98906816149EA100086C21 /* EDIsisImage.h in Headers */ = {isa = PBXBuildFile; fileRef = 3E98905C16149EA100086C21 /* EDIsisImage.h */; };
		3E98906F1614A2E400086C21 /* libviaio.2.0.0.dylib in Frameworks */ = {isa = PBXBuildFile; fileRef = 3E98906E1614A2E400086C21 /* libviaio.2.0.0.dylib */; };
		3E9890711614A31F00086C21 /* libisis_core.0.0.0.dylib in Frameworks */ = {isa = PBXBuildFile; fileRef = 3E9890701614A31F00086C21 /* libisis_core.0.0.0.dylib */; };
		3EA6E32E1622DCA7001F3C6E /* MocoDataLogger.cpp in Sources */ = {isa = PBXBuildFile; fileRef = 3EA6E32C1622DCA7001F3C6E /* MocoDataLogger.cpp */; };
		3EDA32C515513A7900787007 /* Cocoa.framework in Frameworks */ = {isa = PBXBuildFile; fileRef = 3EDA32C415513A7900787007 /* Cocoa.framework */; };
		3EDA32CF15513A7900787007 /* InfoPlist.strings in Resources */ = {isa = PBXBuildFile; fileRef = 3EDA32CD15513A7900787007 /* InfoPlist.strings */; };
		3EDA32D215513A7900787007 /* main.m in Sources */ = {isa = PBXBuildFile; fileRef = 3EDA32D115513A7900787007 /* main.m */; };
		3EDA32D515513A7900787007 /* Credits.rtf in Resources */ = {isa = PBXBuildFile; fileRef = 3EDA32D315513A7900787007 /* Credits.rtf */; };
		3EDA32D815513A7900787007 /* MocoApplicationAppDelegate.mm in Sources */ = {isa = PBXBuildFile; fileRef = 3EDA32D715513A7900787007 /* MocoApplicationAppDelegate.mm */; };
		3EDA32DB15513A7900787007 /* MainMenu.xib in Resources */ = {isa = PBXBuildFile; fileRef = 3EDA32D915513A7900787007 /* MainMenu.xib */; };
		3EDA32EB15513BFE00787007 /* MocoDrawTranslationView.m in Sources */ = {isa = PBXBuildFile; fileRef = 3EDA32EA15513BFE00787007 /* MocoDrawTranslationView.m */; };
		3EEE66CE1553E97300AA0F7F /* CorePlot.framework in Frameworks */ = {isa = PBXBuildFile; fileRef = 3EEE66CD1553E97300AA0F7F /* CorePlot.framework */; };
		3EEE66D415566DCB00AA0F7F /* MocoDrawViewController.m in Sources */ = {isa = PBXBuildFile; fileRef = 3EEE66D215566DCB00AA0F7F /* MocoDrawViewController.m */; };
		3EF416341615A2E200443485 /* BARTNotifications.h in Headers */ = {isa = PBXBuildFile; fileRef = 3EF416321615A2E200443485 /* BARTNotifications.h */; };
		3EF416351615A2E200443485 /* BARTNotifications.m in Sources */ = {isa = PBXBuildFile; fileRef = 3EF416331615A2E200443485 /* BARTNotifications.m */; };
		3EF416381615A5F400443485 /* libitkvnl_algo.a in Frameworks */ = {isa = PBXBuildFile; fileRef = 3E7DB64715A45595002966AE /* libitkvnl_algo.a */; };
		3EF416391615A5F400443485 /* libitkvnl_inst.a in Frameworks */ = {isa = PBXBuildFile; fileRef = 3E7DB64815A45595002966AE /* libitkvnl_inst.a */; };
		3EF4163A1615A5F400443485 /* libitkvnl.a in Frameworks */ = {isa = PBXBuildFile; fileRef = 3E7DB64915A45595002966AE /* libitkvnl.a */; };
		3EF4163B1615A60700443485 /* libboost_date_time-mt.dylib in Frameworks */ = {isa = PBXBuildFile; fileRef = 3E98903A16143FF200086C21 /* libboost_date_time-mt.dylib */; };
		3EF4163C1615A60700443485 /* libboost_filesystem-mt.dylib in Frameworks */ = {isa = PBXBuildFile; fileRef = 3E98903C1614401800086C21 /* libboost_filesystem-mt.dylib */; };
		3EF4163D1615A60700443485 /* libboost_system-mt.dylib in Frameworks */ = {isa = PBXBuildFile; fileRef = 3E98903E1614402600086C21 /* libboost_system-mt.dylib */; };
		3EF4163E1615A60700443485 /* libboost_regex-mt.dylib in Frameworks */ = {isa = PBXBuildFile; fileRef = 3E9890401614404D00086C21 /* libboost_regex-mt.dylib */; };
		3EF4163F1615A62B00443485 /* libITKAlgorithms.a in Frameworks */ = {isa = PBXBuildFile; fileRef = 3E7DB62C15A45595002966AE /* libITKAlgorithms.a */; };
		3EF416401615A62B00443485 /* libITKBasicFilters.a in Frameworks */ = {isa = PBXBuildFile; fileRef = 3E7DB62D15A45595002966AE /* libITKBasicFilters.a */; };
		3EF416411615A62B00443485 /* libITKCommon.a in Frameworks */ = {isa = PBXBuildFile; fileRef = 3E7DB62E15A45595002966AE /* libITKCommon.a */; };
		3EF416421615A63600443485 /* libITKIO.a in Frameworks */ = {isa = PBXBuildFile; fileRef = 3E7DB63315A45595002966AE /* libITKIO.a */; };
		3EF416431615A64900443485 /* libITKNumerics.a in Frameworks */ = {isa = PBXBuildFile; fileRef = 3E7DB63C15A45595002966AE /* libITKNumerics.a */; };
		3EF416441615A64E00443485 /* libITKSpatialObject.a in Frameworks */ = {isa = PBXBuildFile; fileRef = 3E7DB64015A45595002966AE /* libITKSpatialObject.a */; };
		3EF416451615A67000443485 /* libITKStatistics.a in Frameworks */ = {isa = PBXBuildFile; fileRef = 3E7DB64115A45595002966AE /* libITKStatistics.a */; };
		3EF416461615A6A200443485 /* libitksys.a in Frameworks */ = {isa = PBXBuildFile; fileRef = 3E7DB64215A45595002966AE /* libitksys.a */; };
		3EF416481615A6A200443485 /* libitkv3p_lsqr.a in Frameworks */ = {isa = PBXBuildFile; fileRef = 3E7DB64415A45595002966AE /* libitkv3p_lsqr.a */; };
		3EF416491615A6A200443485 /* libitkv3p_netlib.a in Frameworks */ = {isa = PBXBuildFile; fileRef = 3E7DB64515A45595002966AE /* libitkv3p_netlib.a */; };
		3EF4164A1615A6A200443485 /* libitkvcl.a in Frameworks */ = {isa = PBXBuildFile; fileRef = 3E7DB64615A45595002966AE /* libitkvcl.a */; };
		3EF4164B1615A6E000443485 /* libitkzlib.a in Frameworks */ = {isa = PBXBuildFile; fileRef = 3E7DB64A15A45595002966AE /* libitkzlib.a */; };
		3EF4164D1615AA1800443485 /* EDNA.dylib in Frameworks */ = {isa = PBXBuildFile; fileRef = 3E98904616149E4300086C21 /* EDNA.dylib */; };
/* End PBXBuildFile section */

/* Begin PBXContainerItemProxy section */
		3E3B080015EE3D4700198665 /* PBXContainerItemProxy */ = {
			isa = PBXContainerItemProxy;
			containerPortal = 3EDA32B715513A7900787007 /* Project object */;
			proxyType = 1;
			remoteGlobalIDString = 3EDA32BF15513A7900787007;
			remoteInfo = MocoApplication;
		};
		3EEE66C31553E74600AA0F7F /* PBXContainerItemProxy */ = {
			isa = PBXContainerItemProxy;
			containerPortal = 3EEE66BA1553E74600AA0F7F /* CorePlot.xcodeproj */;
			proxyType = 2;
			remoteGlobalIDString = 8DC2EF5B0486A6940098B216;
			remoteInfo = CorePlot;
		};
		3EEE66C51553E74600AA0F7F /* PBXContainerItemProxy */ = {
			isa = PBXContainerItemProxy;
			containerPortal = 3EEE66BA1553E74600AA0F7F /* CorePlot.xcodeproj */;
			proxyType = 2;
			remoteGlobalIDString = 0730F600109492D800E95162;
			remoteInfo = UnitTests;
		};
		3EEE66CF1553E9C500AA0F7F /* PBXContainerItemProxy */ = {
			isa = PBXContainerItemProxy;
			containerPortal = 3EEE66BA1553E74600AA0F7F /* CorePlot.xcodeproj */;
			proxyType = 1;
			remoteGlobalIDString = 8DC2EF4F0486A6940098B216;
			remoteInfo = CorePlot;
		};
/* End PBXContainerItemProxy section */

/* Begin PBXCopyFilesBuildPhase section */
		3E7DB66D15A45AEF002966AE /* CopyFiles */ = {
			isa = PBXCopyFilesBuildPhase;
			buildActionMask = 2147483647;
			dstPath = "";
			dstSubfolderSpec = 16;
			files = (
			);
			runOnlyForDeploymentPostprocessing = 0;
		};
		3EF4164C1615A9AB00443485 /* CopyFiles */ = {
			isa = PBXCopyFilesBuildPhase;
			buildActionMask = 2147483647;
			dstPath = "";
			dstSubfolderSpec = 16;
			files = (
			);
			runOnlyForDeploymentPostprocessing = 0;
		};
/* End PBXCopyFilesBuildPhase section */

/* Begin PBXFileReference section */
		3E3B07A615ED2EDC00198665 /* MocoApplicationTest.octest */ = {isa = PBXFileReference; explicitFileType = wrapper.cfbundle; includeInIndex = 0; path = MocoApplicationTest.octest; sourceTree = BUILT_PRODUCTS_DIR; };
		3E3B07AB15ED2EDC00198665 /* MocoApplicationTest-Info.plist */ = {isa = PBXFileReference; lastKnownFileType = text.plist.xml; path = "MocoApplicationTest-Info.plist"; sourceTree = "<group>"; };
		3E3B07AD15ED2EDC00198665 /* en */ = {isa = PBXFileReference; lastKnownFileType = text.plist.strings; name = en; path = en.lproj/InfoPlist.strings; sourceTree = "<group>"; };
		3E3B07AF15ED2EDC00198665 /* MocoApplicationTest.h */ = {isa = PBXFileReference; lastKnownFileType = sourcecode.c.h; path = MocoApplicationTest.h; sourceTree = "<group>"; };
		3E3B07B015ED2EDC00198665 /* MocoApplicationTest.m */ = {isa = PBXFileReference; lastKnownFileType = sourcecode.c.objc; path = MocoApplicationTest.m; sourceTree = "<group>"; };
		3E3B07B215ED2EDC00198665 /* MocoApplicationTest-Prefix.pch */ = {isa = PBXFileReference; lastKnownFileType = sourcecode.c.h; path = "MocoApplicationTest-Prefix.pch"; sourceTree = "<group>"; };
		3E3B07E815EE358D00198665 /* Foundation.framework */ = {isa = PBXFileReference; lastKnownFileType = wrapper.framework; name = Foundation.framework; path = System/Library/Frameworks/Foundation.framework; sourceTree = SDKROOT; };
		3E3B080215EE410700198665 /* MocoRegistrationTest.h */ = {isa = PBXFileReference; fileEncoding = 4; lastKnownFileType = sourcecode.c.h; path = MocoRegistrationTest.h; sourceTree = "<group>"; };
		3E3B080315EE410700198665 /* MocoRegistrationTest.m */ = {isa = PBXFileReference; fileEncoding = 4; lastKnownFileType = sourcecode.c.objc; path = MocoRegistrationTest.m; sourceTree = "<group>"; };
		3E3B080515EE468D00198665 /* MocoApplicationViewController.h */ = {isa = PBXFileReference; fileEncoding = 4; lastKnownFileType = sourcecode.c.h; path = MocoApplicationViewController.h; sourceTree = "<group>"; };
		3E3B080615EE468D00198665 /* MocoApplicationViewController.mm */ = {isa = PBXFileReference; fileEncoding = 4; lastKnownFileType = sourcecode.cpp.objcpp; path = MocoApplicationViewController.mm; sourceTree = "<group>"; };
		3E41C05415D50A17001FDFCB /* MocoRegistration.h */ = {isa = PBXFileReference; fileEncoding = 4; lastKnownFileType = sourcecode.c.h; path = MocoRegistration.h; sourceTree = "<group>"; };
		3E41C05515D50A17001FDFCB /* MocoRegistration.mm */ = {isa = PBXFileReference; fileEncoding = 4; lastKnownFileType = sourcecode.cpp.objcpp; path = MocoRegistration.mm; sourceTree = "<group>"; };
		3E41C05615D50A17001FDFCB /* MocoRegistrationProperty.h */ = {isa = PBXFileReference; fileEncoding = 4; lastKnownFileType = sourcecode.c.h; path = MocoRegistrationProperty.h; sourceTree = "<group>"; };
		3E41C05715D50A17001FDFCB /* MocoRegistrationProperty.m */ = {isa = PBXFileReference; fileEncoding = 4; lastKnownFileType = sourcecode.c.objc; path = MocoRegistrationProperty.m; sourceTree = "<group>"; };
		3E4682A915E4ED7900813C98 /* SenTestingKit.framework */ = {isa = PBXFileReference; lastKnownFileType = wrapper.framework; name = SenTestingKit.framework; path = Library/Frameworks/SenTestingKit.framework; sourceTree = DEVELOPER_DIR; };
		3E56B30715C7C12700493310 /* MocoDrawView.xib */ = {isa = PBXFileReference; fileEncoding = 4; lastKnownFileType = file.xib; path = MocoDrawView.xib; sourceTree = "<group>"; };
		3E56B30915C7C3C600493310 /* MocoDrawTranslationView.h */ = {isa = PBXFileReference; fileEncoding = 4; lastKnownFileType = sourcecode.c.h; path = MocoDrawTranslationView.h; sourceTree = "<group>"; };
		3E56B30A15C7C47C00493310 /* MocoDrawRotationView.h */ = {isa = PBXFileReference; fileEncoding = 4; lastKnownFileType = sourcecode.c.h; path = MocoDrawRotationView.h; sourceTree = "<group>"; };
		3E56B30B15C7C47D00493310 /* MocoDrawRotationView.m */ = {isa = PBXFileReference; fileEncoding = 4; lastKnownFileType = sourcecode.c.objc; path = MocoDrawRotationView.m; sourceTree = "<group>"; };
		3E57015515A44D7000845683 /* defaultRegParams.plist */ = {isa = PBXFileReference; fileEncoding = 4; lastKnownFileType = text.plist.xml; path = defaultRegParams.plist; sourceTree = "<group>"; };
		3E7DB62C15A45595002966AE /* libITKAlgorithms.a */ = {isa = PBXFileReference; lastKnownFileType = archive.ar; name = libITKAlgorithms.a; path = /usr/local/lib/InsightToolkit/libITKAlgorithms.a; sourceTree = "<absolute>"; };
		3E7DB62D15A45595002966AE /* libITKBasicFilters.a */ = {isa = PBXFileReference; lastKnownFileType = archive.ar; name = libITKBasicFilters.a; path = /usr/local/lib/InsightToolkit/libITKBasicFilters.a; sourceTree = "<absolute>"; };
		3E7DB62E15A45595002966AE /* libITKCommon.a */ = {isa = PBXFileReference; lastKnownFileType = archive.ar; name = libITKCommon.a; path = /usr/local/lib/InsightToolkit/libITKCommon.a; sourceTree = "<absolute>"; };
		3E7DB62F15A45595002966AE /* libITKDICOMParser.a */ = {isa = PBXFileReference; lastKnownFileType = archive.ar; name = libITKDICOMParser.a; path = /usr/local/lib/InsightToolkit/libITKDICOMParser.a; sourceTree = "<absolute>"; };
		3E7DB63015A45595002966AE /* libITKEXPAT.a */ = {isa = PBXFileReference; lastKnownFileType = archive.ar; name = libITKEXPAT.a; path = /usr/local/lib/InsightToolkit/libITKEXPAT.a; sourceTree = "<absolute>"; };
		3E7DB63115A45595002966AE /* libITKFEM.a */ = {isa = PBXFileReference; lastKnownFileType = archive.ar; name = libITKFEM.a; path = /usr/local/lib/InsightToolkit/libITKFEM.a; sourceTree = "<absolute>"; };
		3E7DB63215A45595002966AE /* libitkgdcm.a */ = {isa = PBXFileReference; lastKnownFileType = archive.ar; name = libitkgdcm.a; path = /usr/local/lib/InsightToolkit/libitkgdcm.a; sourceTree = "<absolute>"; };
		3E7DB63315A45595002966AE /* libITKIO.a */ = {isa = PBXFileReference; lastKnownFileType = archive.ar; name = libITKIO.a; path = /usr/local/lib/InsightToolkit/libITKIO.a; sourceTree = "<absolute>"; };
		3E7DB63415A45595002966AE /* libITKIOReview.a */ = {isa = PBXFileReference; lastKnownFileType = archive.ar; name = libITKIOReview.a; path = /usr/local/lib/InsightToolkit/libITKIOReview.a; sourceTree = "<absolute>"; };
		3E7DB63515A45595002966AE /* libitkjpeg8.a */ = {isa = PBXFileReference; lastKnownFileType = archive.ar; name = libitkjpeg8.a; path = /usr/local/lib/InsightToolkit/libitkjpeg8.a; sourceTree = "<absolute>"; };
		3E7DB63615A45595002966AE /* libitkjpeg12.a */ = {isa = PBXFileReference; lastKnownFileType = archive.ar; name = libitkjpeg12.a; path = /usr/local/lib/InsightToolkit/libitkjpeg12.a; sourceTree = "<absolute>"; };
		3E7DB63715A45595002966AE /* libitkjpeg16.a */ = {isa = PBXFileReference; lastKnownFileType = archive.ar; name = libitkjpeg16.a; path = /usr/local/lib/InsightToolkit/libitkjpeg16.a; sourceTree = "<absolute>"; };
		3E7DB63815A45595002966AE /* libITKMetaIO.a */ = {isa = PBXFileReference; lastKnownFileType = archive.ar; name = libITKMetaIO.a; path = /usr/local/lib/InsightToolkit/libITKMetaIO.a; sourceTree = "<absolute>"; };
		3E7DB63915A45595002966AE /* libitkNetlibSlatec.a */ = {isa = PBXFileReference; lastKnownFileType = archive.ar; name = libitkNetlibSlatec.a; path = /usr/local/lib/InsightToolkit/libitkNetlibSlatec.a; sourceTree = "<absolute>"; };
		3E7DB63A15A45595002966AE /* libITKniftiio.a */ = {isa = PBXFileReference; lastKnownFileType = archive.ar; name = libITKniftiio.a; path = /usr/local/lib/InsightToolkit/libITKniftiio.a; sourceTree = "<absolute>"; };
		3E7DB63B15A45595002966AE /* libITKNrrdIO.a */ = {isa = PBXFileReference; lastKnownFileType = archive.ar; name = libITKNrrdIO.a; path = /usr/local/lib/InsightToolkit/libITKNrrdIO.a; sourceTree = "<absolute>"; };
		3E7DB63C15A45595002966AE /* libITKNumerics.a */ = {isa = PBXFileReference; lastKnownFileType = archive.ar; name = libITKNumerics.a; path = /usr/local/lib/InsightToolkit/libITKNumerics.a; sourceTree = "<absolute>"; };
		3E7DB63D15A45595002966AE /* libitkopenjpeg.a */ = {isa = PBXFileReference; lastKnownFileType = archive.ar; name = libitkopenjpeg.a; path = /usr/local/lib/InsightToolkit/libitkopenjpeg.a; sourceTree = "<absolute>"; };
		3E7DB63E15A45595002966AE /* libitkpng.a */ = {isa = PBXFileReference; lastKnownFileType = archive.ar; name = libitkpng.a; path = /usr/local/lib/InsightToolkit/libitkpng.a; sourceTree = "<absolute>"; };
		3E7DB63F15A45595002966AE /* libITKQuadEdgeMesh.a */ = {isa = PBXFileReference; lastKnownFileType = archive.ar; name = libITKQuadEdgeMesh.a; path = /usr/local/lib/InsightToolkit/libITKQuadEdgeMesh.a; sourceTree = "<absolute>"; };
		3E7DB64015A45595002966AE /* libITKSpatialObject.a */ = {isa = PBXFileReference; lastKnownFileType = archive.ar; name = libITKSpatialObject.a; path = /usr/local/lib/InsightToolkit/libITKSpatialObject.a; sourceTree = "<absolute>"; };
		3E7DB64115A45595002966AE /* libITKStatistics.a */ = {isa = PBXFileReference; lastKnownFileType = archive.ar; name = libITKStatistics.a; path = /usr/local/lib/InsightToolkit/libITKStatistics.a; sourceTree = "<absolute>"; };
		3E7DB64215A45595002966AE /* libitksys.a */ = {isa = PBXFileReference; lastKnownFileType = archive.ar; name = libitksys.a; path = /usr/local/lib/InsightToolkit/libitksys.a; sourceTree = "<absolute>"; };
		3E7DB64315A45595002966AE /* libitktiff.a */ = {isa = PBXFileReference; lastKnownFileType = archive.ar; name = libitktiff.a; path = /usr/local/lib/InsightToolkit/libitktiff.a; sourceTree = "<absolute>"; };
		3E7DB64415A45595002966AE /* libitkv3p_lsqr.a */ = {isa = PBXFileReference; lastKnownFileType = archive.ar; name = libitkv3p_lsqr.a; path = /usr/local/lib/InsightToolkit/libitkv3p_lsqr.a; sourceTree = "<absolute>"; };
		3E7DB64515A45595002966AE /* libitkv3p_netlib.a */ = {isa = PBXFileReference; lastKnownFileType = archive.ar; name = libitkv3p_netlib.a; path = /usr/local/lib/InsightToolkit/libitkv3p_netlib.a; sourceTree = "<absolute>"; };
		3E7DB64615A45595002966AE /* libitkvcl.a */ = {isa = PBXFileReference; lastKnownFileType = archive.ar; name = libitkvcl.a; path = /usr/local/lib/InsightToolkit/libitkvcl.a; sourceTree = "<absolute>"; };
		3E7DB64715A45595002966AE /* libitkvnl_algo.a */ = {isa = PBXFileReference; lastKnownFileType = archive.ar; name = libitkvnl_algo.a; path = /usr/local/lib/InsightToolkit/libitkvnl_algo.a; sourceTree = "<absolute>"; };
		3E7DB64815A45595002966AE /* libitkvnl_inst.a */ = {isa = PBXFileReference; lastKnownFileType = archive.ar; name = libitkvnl_inst.a; path = /usr/local/lib/InsightToolkit/libitkvnl_inst.a; sourceTree = "<absolute>"; };
		3E7DB64915A45595002966AE /* libitkvnl.a */ = {isa = PBXFileReference; lastKnownFileType = archive.ar; name = libitkvnl.a; path = /usr/local/lib/InsightToolkit/libitkvnl.a; sourceTree = "<absolute>"; };
		3E7DB64A15A45595002966AE /* libitkzlib.a */ = {isa = PBXFileReference; lastKnownFileType = archive.ar; name = libitkzlib.a; path = /usr/local/lib/InsightToolkit/libitkzlib.a; sourceTree = "<absolute>"; };
		3E7DB64B15A45595002966AE /* libITKznz.a */ = {isa = PBXFileReference; lastKnownFileType = archive.ar; name = libITKznz.a; path = /usr/local/lib/InsightToolkit/libITKznz.a; sourceTree = "<absolute>"; };
		3E98903A16143FF200086C21 /* libboost_date_time-mt.dylib */ = {isa = PBXFileReference; lastKnownFileType = "compiled.mach-o.dylib"; name = "libboost_date_time-mt.dylib"; path = "../../../../../usr/local/lib/libboost_date_time-mt.dylib"; sourceTree = "<group>"; };
		3E98903C1614401800086C21 /* libboost_filesystem-mt.dylib */ = {isa = PBXFileReference; lastKnownFileType = "compiled.mach-o.dylib"; name = "libboost_filesystem-mt.dylib"; path = "../../../../../usr/local/lib/libboost_filesystem-mt.dylib"; sourceTree = "<group>"; };
		3E98903E1614402600086C21 /* libboost_system-mt.dylib */ = {isa = PBXFileReference; lastKnownFileType = "compiled.mach-o.dylib"; name = "libboost_system-mt.dylib"; path = "../../../../../usr/local/lib/libboost_system-mt.dylib"; sourceTree = "<group>"; };
		3E9890401614404D00086C21 /* libboost_regex-mt.dylib */ = {isa = PBXFileReference; lastKnownFileType = "compiled.mach-o.dylib"; name = "libboost_regex-mt.dylib"; path = "../../../../../usr/local/lib/libboost_regex-mt.dylib"; sourceTree = "<group>"; };
		3E98904616149E4300086C21 /* EDNA.dylib */ = {isa = PBXFileReference; explicitFileType = "compiled.mach-o.dylib"; includeInIndex = 0; path = EDNA.dylib; sourceTree = BUILT_PRODUCTS_DIR; };
		3E98904A16149E4300086C21 /* EDNA-Prefix.pch */ = {isa = PBXFileReference; lastKnownFileType = sourcecode.c.h; path = "EDNA-Prefix.pch"; sourceTree = "<group>"; };
		3E98905116149EA100086C21 /* EDDataElement.h */ = {isa = PBXFileReference; fileEncoding = 4; lastKnownFileType = sourcecode.c.h; path = EDDataElement.h; sourceTree = "<group>"; };
		3E98905216149EA100086C21 /* EDDataElement.mm */ = {isa = PBXFileReference; fileEncoding = 4; lastKnownFileType = sourcecode.cpp.objcpp; path = EDDataElement.mm; sourceTree = "<group>"; };
		3E98905316149EA100086C21 /* EDDataElementIsis.h */ = {isa = PBXFileReference; fileEncoding = 4; lastKnownFileType = sourcecode.c.h; path = EDDataElementIsis.h; sourceTree = "<group>"; };
		3E98905416149EA100086C21 /* EDDataElementIsis.mm */ = {isa = PBXFileReference; fileEncoding = 4; lastKnownFileType = sourcecode.cpp.objcpp; path = EDDataElementIsis.mm; sourceTree = "<group>"; };
		3E98905516149EA100086C21 /* EDDataElementIsisRealTime.h */ = {isa = PBXFileReference; fileEncoding = 4; lastKnownFileType = sourcecode.c.h; path = EDDataElementIsisRealTime.h; sourceTree = "<group>"; };
		3E98905616149EA100086C21 /* EDDataElementIsisRealTime.mm */ = {isa = PBXFileReference; fileEncoding = 4; lastKnownFileType = sourcecode.cpp.objcpp; path = EDDataElementIsisRealTime.mm; sourceTree = "<group>"; };
		3E98905716149EA100086C21 /* EDDataElementRealTimeLoader.h */ = {isa = PBXFileReference; fileEncoding = 4; lastKnownFileType = sourcecode.c.h; path = EDDataElementRealTimeLoader.h; sourceTree = "<group>"; };
		3E98905816149EA100086C21 /* EDDataElementRealTimeLoader.mm */ = {isa = PBXFileReference; fileEncoding = 4; lastKnownFileType = sourcecode.cpp.objcpp; path = EDDataElementRealTimeLoader.mm; sourceTree = "<group>"; };
		3E98905B16149EA100086C21 /* EDIsisImage.cpp */ = {isa = PBXFileReference; fileEncoding = 4; lastKnownFileType = sourcecode.cpp.cpp; path = EDIsisImage.cpp; sourceTree = "<group>"; };
		3E98905C16149EA100086C21 /* EDIsisImage.h */ = {isa = PBXFileReference; fileEncoding = 4; lastKnownFileType = sourcecode.c.h; path = EDIsisImage.h; sourceTree = "<group>"; };
		3E98906E1614A2E400086C21 /* libviaio.2.0.0.dylib */ = {isa = PBXFileReference; lastKnownFileType = "compiled.mach-o.dylib"; name = libviaio.2.0.0.dylib; path = ../../../../../usr/local/lib/libviaio.2.0.0.dylib; sourceTree = "<group>"; };
		3E9890701614A31F00086C21 /* libisis_core.0.0.0.dylib */ = {isa = PBXFileReference; lastKnownFileType = "compiled.mach-o.dylib"; name = libisis_core.0.0.0.dylib; path = ../../../../../usr/local/lib/libisis_core.0.0.0.dylib; sourceTree = "<group>"; };
		3EA6E32C1622DCA7001F3C6E /* MocoDataLogger.cpp */ = {isa = PBXFileReference; fileEncoding = 4; lastKnownFileType = sourcecode.cpp.cpp; path = MocoDataLogger.cpp; sourceTree = "<group>"; };
		3EA6E32D1622DCA7001F3C6E /* MocoDataLogger.h */ = {isa = PBXFileReference; fileEncoding = 4; lastKnownFileType = sourcecode.c.h; path = MocoDataLogger.h; sourceTree = "<group>"; };
		3EDA32C015513A7900787007 /* MocoApplication.app */ = {isa = PBXFileReference; explicitFileType = wrapper.application; includeInIndex = 0; path = MocoApplication.app; sourceTree = BUILT_PRODUCTS_DIR; };
		3EDA32C415513A7900787007 /* Cocoa.framework */ = {isa = PBXFileReference; lastKnownFileType = wrapper.framework; name = Cocoa.framework; path = System/Library/Frameworks/Cocoa.framework; sourceTree = SDKROOT; };
		3EDA32C715513A7900787007 /* AppKit.framework */ = {isa = PBXFileReference; lastKnownFileType = wrapper.framework; name = AppKit.framework; path = System/Library/Frameworks/AppKit.framework; sourceTree = SDKROOT; };
		3EDA32C815513A7900787007 /* CoreData.framework */ = {isa = PBXFileReference; lastKnownFileType = wrapper.framework; name = CoreData.framework; path = System/Library/Frameworks/CoreData.framework; sourceTree = SDKROOT; };
		3EDA32C915513A7900787007 /* Foundation.framework */ = {isa = PBXFileReference; lastKnownFileType = wrapper.framework; name = Foundation.framework; path = System/Library/Frameworks/Foundation.framework; sourceTree = SDKROOT; };
		3EDA32CC15513A7900787007 /* MocoApplication-Info.plist */ = {isa = PBXFileReference; lastKnownFileType = text.plist.xml; path = "MocoApplication-Info.plist"; sourceTree = "<group>"; };
		3EDA32CE15513A7900787007 /* en */ = {isa = PBXFileReference; lastKnownFileType = text.plist.strings; name = en; path = en.lproj/InfoPlist.strings; sourceTree = "<group>"; };
		3EDA32D015513A7900787007 /* MocoApplication-Prefix.pch */ = {isa = PBXFileReference; lastKnownFileType = sourcecode.c.h; path = "MocoApplication-Prefix.pch"; sourceTree = "<group>"; };
		3EDA32D115513A7900787007 /* main.m */ = {isa = PBXFileReference; lastKnownFileType = sourcecode.c.objc; path = main.m; sourceTree = "<group>"; };
		3EDA32D415513A7900787007 /* en */ = {isa = PBXFileReference; lastKnownFileType = text.rtf; name = en; path = en.lproj/Credits.rtf; sourceTree = "<group>"; };
		3EDA32D615513A7900787007 /* MocoApplicationAppDelegate.h */ = {isa = PBXFileReference; lastKnownFileType = sourcecode.c.h; path = MocoApplicationAppDelegate.h; sourceTree = "<group>"; };
		3EDA32D715513A7900787007 /* MocoApplicationAppDelegate.mm */ = {isa = PBXFileReference; lastKnownFileType = sourcecode.cpp.objcpp; path = MocoApplicationAppDelegate.mm; sourceTree = "<group>"; };
		3EDA32DA15513A7900787007 /* en */ = {isa = PBXFileReference; lastKnownFileType = file.xib; name = en; path = en.lproj/MainMenu.xib; sourceTree = "<group>"; };
		3EDA32EA15513BFE00787007 /* MocoDrawTranslationView.m */ = {isa = PBXFileReference; fileEncoding = 4; lastKnownFileType = sourcecode.c.objc; path = MocoDrawTranslationView.m; sourceTree = "<group>"; };
		3EEE66BA1553E74600AA0F7F /* CorePlot.xcodeproj */ = {isa = PBXFileReference; lastKnownFileType = "wrapper.pb-project"; name = CorePlot.xcodeproj; path = ../../../programs/CorePlot_1.0/Source/framework/CorePlot.xcodeproj; sourceTree = "<group>"; };
		3EEE66CD1553E97300AA0F7F /* CorePlot.framework */ = {isa = PBXFileReference; explicitFileType = wrapper.framework; path = CorePlot.framework; sourceTree = BUILT_PRODUCTS_DIR; };
		3EEE66D115566DCB00AA0F7F /* MocoDrawViewController.h */ = {isa = PBXFileReference; fileEncoding = 4; lastKnownFileType = sourcecode.c.h; path = MocoDrawViewController.h; sourceTree = "<group>"; };
		3EEE66D215566DCB00AA0F7F /* MocoDrawViewController.m */ = {isa = PBXFileReference; fileEncoding = 4; lastKnownFileType = sourcecode.c.objc; path = MocoDrawViewController.m; sourceTree = "<group>"; };
		3EF416321615A2E200443485 /* BARTNotifications.h */ = {isa = PBXFileReference; fileEncoding = 4; lastKnownFileType = sourcecode.c.h; path = BARTNotifications.h; sourceTree = "<group>"; };
		3EF416331615A2E200443485 /* BARTNotifications.m */ = {isa = PBXFileReference; fileEncoding = 4; lastKnownFileType = sourcecode.c.objc; path = BARTNotifications.m; sourceTree = "<group>"; };
/* End PBXFileReference section */

/* Begin PBXFrameworksBuildPhase section */
		3E3B07A215ED2EDC00198665 /* Frameworks */ = {
			isa = PBXFrameworksBuildPhase;
			buildActionMask = 2147483647;
			files = (
				3E3B07A715ED2EDC00198665 /* SenTestingKit.framework in Frameworks */,
				3E3B07A815ED2EDC00198665 /* Cocoa.framework in Frameworks */,
			);
			runOnlyForDeploymentPostprocessing = 0;
		};
		3E98904316149E4300086C21 /* Frameworks */ = {
			isa = PBXFrameworksBuildPhase;
			buildActionMask = 2147483647;
			files = (
				3E98904716149E4300086C21 /* Cocoa.framework in Frameworks */,
				3E98906F1614A2E400086C21 /* libviaio.2.0.0.dylib in Frameworks */,
				3E9890711614A31F00086C21 /* libisis_core.0.0.0.dylib in Frameworks */,
				3EF4163F1615A62B00443485 /* libITKAlgorithms.a in Frameworks */,
				3EF416401615A62B00443485 /* libITKBasicFilters.a in Frameworks */,
				3EF416411615A62B00443485 /* libITKCommon.a in Frameworks */,
				3EF416431615A64900443485 /* libITKNumerics.a in Frameworks */,
				3EF416441615A64E00443485 /* libITKSpatialObject.a in Frameworks */,
				3EF416421615A63600443485 /* libITKIO.a in Frameworks */,
				3EF416451615A67000443485 /* libITKStatistics.a in Frameworks */,
				3EF416461615A6A200443485 /* libitksys.a in Frameworks */,
				3EF416481615A6A200443485 /* libitkv3p_lsqr.a in Frameworks */,
				3EF416491615A6A200443485 /* libitkv3p_netlib.a in Frameworks */,
				3EF4164A1615A6A200443485 /* libitkvcl.a in Frameworks */,
				3EF416381615A5F400443485 /* libitkvnl_algo.a in Frameworks */,
				3EF416391615A5F400443485 /* libitkvnl_inst.a in Frameworks */,
				3EF4163A1615A5F400443485 /* libitkvnl.a in Frameworks */,
				3EF4164B1615A6E000443485 /* libitkzlib.a in Frameworks */,
				3EF4163B1615A60700443485 /* libboost_date_time-mt.dylib in Frameworks */,
				3EF4163C1615A60700443485 /* libboost_filesystem-mt.dylib in Frameworks */,
				3EF4163D1615A60700443485 /* libboost_system-mt.dylib in Frameworks */,
				3EF4163E1615A60700443485 /* libboost_regex-mt.dylib in Frameworks */,
			);
			runOnlyForDeploymentPostprocessing = 0;
		};
		3EDA32BD15513A7900787007 /* Frameworks */ = {
			isa = PBXFrameworksBuildPhase;
			buildActionMask = 2147483647;
			files = (
				3E7DB64C15A45595002966AE /* libITKAlgorithms.a in Frameworks */,
				3E7DB64D15A45595002966AE /* libITKBasicFilters.a in Frameworks */,
				3E7DB64E15A45595002966AE /* libITKCommon.a in Frameworks */,
				3E7DB64F15A45595002966AE /* libITKDICOMParser.a in Frameworks */,
				3E7DB65015A45595002966AE /* libITKEXPAT.a in Frameworks */,
				3E7DB65115A45595002966AE /* libITKFEM.a in Frameworks */,
				3E7DB65215A45595002966AE /* libitkgdcm.a in Frameworks */,
				3E7DB65315A45595002966AE /* libITKIO.a in Frameworks */,
				3E7DB65415A45595002966AE /* libITKIOReview.a in Frameworks */,
				3E7DB65515A45595002966AE /* libitkjpeg8.a in Frameworks */,
				3E7DB65615A45595002966AE /* libitkjpeg12.a in Frameworks */,
				3E7DB65715A45595002966AE /* libitkjpeg16.a in Frameworks */,
				3E7DB65815A45595002966AE /* libITKMetaIO.a in Frameworks */,
				3E7DB65915A45595002966AE /* libitkNetlibSlatec.a in Frameworks */,
				3E7DB65A15A45595002966AE /* libITKniftiio.a in Frameworks */,
				3E7DB65B15A45595002966AE /* libITKNrrdIO.a in Frameworks */,
				3E7DB65C15A45595002966AE /* libITKNumerics.a in Frameworks */,
				3E7DB65D15A45595002966AE /* libitkopenjpeg.a in Frameworks */,
				3E7DB65E15A45595002966AE /* libitkpng.a in Frameworks */,
				3E7DB65F15A45595002966AE /* libITKQuadEdgeMesh.a in Frameworks */,
				3E7DB66015A45595002966AE /* libITKSpatialObject.a in Frameworks */,
				3E7DB66115A45595002966AE /* libITKStatistics.a in Frameworks */,
				3E7DB66215A45595002966AE /* libitksys.a in Frameworks */,
				3E7DB66315A45595002966AE /* libitktiff.a in Frameworks */,
				3E7DB66415A45595002966AE /* libitkv3p_lsqr.a in Frameworks */,
				3E7DB66515A45595002966AE /* libitkv3p_netlib.a in Frameworks */,
				3E7DB66615A45595002966AE /* libitkvcl.a in Frameworks */,
				3E7DB66715A45595002966AE /* libitkvnl_algo.a in Frameworks */,
				3E7DB66815A45595002966AE /* libitkvnl_inst.a in Frameworks */,
				3E7DB66915A45595002966AE /* libitkvnl.a in Frameworks */,
				3E7DB66A15A45595002966AE /* libitkzlib.a in Frameworks */,
				3E7DB66B15A45595002966AE /* libITKznz.a in Frameworks */,
				3E98903B16143FF200086C21 /* libboost_date_time-mt.dylib in Frameworks */,
				3E98903D1614401800086C21 /* libboost_filesystem-mt.dylib in Frameworks */,
				3E98903F1614402600086C21 /* libboost_system-mt.dylib in Frameworks */,
				3E9890411614404D00086C21 /* libboost_regex-mt.dylib in Frameworks */,
				3EF4164D1615AA1800443485 /* EDNA.dylib in Frameworks */,
				3EEE66CE1553E97300AA0F7F /* CorePlot.framework in Frameworks */,
				3EDA32C515513A7900787007 /* Cocoa.framework in Frameworks */,
			);
			runOnlyForDeploymentPostprocessing = 0;
		};
/* End PBXFrameworksBuildPhase section */

/* Begin PBXGroup section */
		3E3B07A915ED2EDC00198665 /* MocoApplicationTest */ = {
			isa = PBXGroup;
			children = (
				3E3B07AF15ED2EDC00198665 /* MocoApplicationTest.h */,
				3E3B07B015ED2EDC00198665 /* MocoApplicationTest.m */,
				3E3B080215EE410700198665 /* MocoRegistrationTest.h */,
				3E3B080315EE410700198665 /* MocoRegistrationTest.m */,
				3E3B07AA15ED2EDC00198665 /* Supporting Files */,
			);
			path = MocoApplicationTest;
			sourceTree = "<group>";
		};
		3E3B07AA15ED2EDC00198665 /* Supporting Files */ = {
			isa = PBXGroup;
			children = (
				3E3B07AB15ED2EDC00198665 /* MocoApplicationTest-Info.plist */,
				3E3B07AC15ED2EDC00198665 /* InfoPlist.strings */,
				3E3B07B215ED2EDC00198665 /* MocoApplicationTest-Prefix.pch */,
			);
			name = "Supporting Files";
			sourceTree = "<group>";
		};
		3E7DB62915A45324002966AE /* libs */ = {
			isa = PBXGroup;
			children = (
				3E9890701614A31F00086C21 /* libisis_core.0.0.0.dylib */,
				3E98906E1614A2E400086C21 /* libviaio.2.0.0.dylib */,
				3E98903A16143FF200086C21 /* libboost_date_time-mt.dylib */,
				3E98903C1614401800086C21 /* libboost_filesystem-mt.dylib */,
				3E98903E1614402600086C21 /* libboost_system-mt.dylib */,
				3E9890401614404D00086C21 /* libboost_regex-mt.dylib */,
				3E7DB62C15A45595002966AE /* libITKAlgorithms.a */,
				3E7DB62D15A45595002966AE /* libITKBasicFilters.a */,
				3E7DB62E15A45595002966AE /* libITKCommon.a */,
				3E7DB62F15A45595002966AE /* libITKDICOMParser.a */,
				3E7DB63015A45595002966AE /* libITKEXPAT.a */,
				3E7DB63115A45595002966AE /* libITKFEM.a */,
				3E7DB63215A45595002966AE /* libitkgdcm.a */,
				3E7DB63315A45595002966AE /* libITKIO.a */,
				3E7DB63415A45595002966AE /* libITKIOReview.a */,
				3E7DB63515A45595002966AE /* libitkjpeg8.a */,
				3E7DB63615A45595002966AE /* libitkjpeg12.a */,
				3E7DB63715A45595002966AE /* libitkjpeg16.a */,
				3E7DB63815A45595002966AE /* libITKMetaIO.a */,
				3E7DB63915A45595002966AE /* libitkNetlibSlatec.a */,
				3E7DB63A15A45595002966AE /* libITKniftiio.a */,
				3E7DB63B15A45595002966AE /* libITKNrrdIO.a */,
				3E7DB63C15A45595002966AE /* libITKNumerics.a */,
				3E7DB63D15A45595002966AE /* libitkopenjpeg.a */,
				3E7DB63E15A45595002966AE /* libitkpng.a */,
				3E7DB63F15A45595002966AE /* libITKQuadEdgeMesh.a */,
				3E7DB64015A45595002966AE /* libITKSpatialObject.a */,
				3E7DB64115A45595002966AE /* libITKStatistics.a */,
				3E7DB64215A45595002966AE /* libitksys.a */,
				3E7DB64315A45595002966AE /* libitktiff.a */,
				3E7DB64415A45595002966AE /* libitkv3p_lsqr.a */,
				3E7DB64515A45595002966AE /* libitkv3p_netlib.a */,
				3E7DB64615A45595002966AE /* libitkvcl.a */,
				3E7DB64715A45595002966AE /* libitkvnl_algo.a */,
				3E7DB64815A45595002966AE /* libitkvnl_inst.a */,
				3E7DB64915A45595002966AE /* libitkvnl.a */,
				3E7DB64A15A45595002966AE /* libitkzlib.a */,
				3E7DB64B15A45595002966AE /* libITKznz.a */,
			);
			name = libs;
			sourceTree = "<group>";
		};
		3E98904816149E4300086C21 /* EDNA */ = {
			isa = PBXGroup;
			children = (
				3E98905116149EA100086C21 /* EDDataElement.h */,
				3EF416321615A2E200443485 /* BARTNotifications.h */,
				3EF416331615A2E200443485 /* BARTNotifications.m */,
				3E98905216149EA100086C21 /* EDDataElement.mm */,
				3E98905316149EA100086C21 /* EDDataElementIsis.h */,
				3E98905416149EA100086C21 /* EDDataElementIsis.mm */,
				3E98905516149EA100086C21 /* EDDataElementIsisRealTime.h */,
				3E98905616149EA100086C21 /* EDDataElementIsisRealTime.mm */,
				3E98905716149EA100086C21 /* EDDataElementRealTimeLoader.h */,
				3E98905816149EA100086C21 /* EDDataElementRealTimeLoader.mm */,
				3E98905B16149EA100086C21 /* EDIsisImage.cpp */,
				3E98905C16149EA100086C21 /* EDIsisImage.h */,
				3E98904916149E4300086C21 /* Supporting Files */,
			);
			path = EDNA;
			sourceTree = "<group>";
		};
		3E98904916149E4300086C21 /* Supporting Files */ = {
			isa = PBXGroup;
			children = (
				3E98904A16149E4300086C21 /* EDNA-Prefix.pch */,
			);
			name = "Supporting Files";
			sourceTree = "<group>";
		};
		3EDA32B515513A7900787007 = {
			isa = PBXGroup;
			children = (
				3E7DB62915A45324002966AE /* libs */,
				3EDA32CA15513A7900787007 /* MocoApplication */,
				3E3B07A915ED2EDC00198665 /* MocoApplicationTest */,
				3E98904816149E4300086C21 /* EDNA */,
				3EDA32C315513A7900787007 /* Frameworks */,
				3EDA32C115513A7900787007 /* Products */,
				3EEE66BA1553E74600AA0F7F /* CorePlot.xcodeproj */,
			);
			sourceTree = "<group>";
		};
		3EDA32C115513A7900787007 /* Products */ = {
			isa = PBXGroup;
			children = (
				3EDA32C015513A7900787007 /* MocoApplication.app */,
				3E3B07A615ED2EDC00198665 /* MocoApplicationTest.octest */,
				3E98904616149E4300086C21 /* EDNA.dylib */,
			);
			name = Products;
			sourceTree = "<group>";
		};
		3EDA32C315513A7900787007 /* Frameworks */ = {
			isa = PBXGroup;
			children = (
				3EEE66CD1553E97300AA0F7F /* CorePlot.framework */,
				3EDA32C415513A7900787007 /* Cocoa.framework */,
				3E4682A915E4ED7900813C98 /* SenTestingKit.framework */,
				3E3B07E815EE358D00198665 /* Foundation.framework */,
				3EDA32C615513A7900787007 /* Other Frameworks */,
			);
			name = Frameworks;
			sourceTree = "<group>";
		};
		3EDA32C615513A7900787007 /* Other Frameworks */ = {
			isa = PBXGroup;
			children = (
				3EDA32C715513A7900787007 /* AppKit.framework */,
				3EDA32C815513A7900787007 /* CoreData.framework */,
				3EDA32C915513A7900787007 /* Foundation.framework */,
			);
			name = "Other Frameworks";
			sourceTree = "<group>";
		};
		3EDA32CA15513A7900787007 /* MocoApplication */ = {
			isa = PBXGroup;
			children = (
				3EDA32D615513A7900787007 /* MocoApplicationAppDelegate.h */,
				3EDA32D715513A7900787007 /* MocoApplicationAppDelegate.mm */,
				3E3B080515EE468D00198665 /* MocoApplicationViewController.h */,
				3E3B080615EE468D00198665 /* MocoApplicationViewController.mm */,
				3E56B30915C7C3C600493310 /* MocoDrawTranslationView.h */,
				3EDA32EA15513BFE00787007 /* MocoDrawTranslationView.m */,
				3E56B30A15C7C47C00493310 /* MocoDrawRotationView.h */,
				3E56B30B15C7C47D00493310 /* MocoDrawRotationView.m */,
				3EEE66D115566DCB00AA0F7F /* MocoDrawViewController.h */,
				3EEE66D215566DCB00AA0F7F /* MocoDrawViewController.m */,
				3EA6E32D1622DCA7001F3C6E /* MocoDataLogger.h */,
				3EA6E32C1622DCA7001F3C6E /* MocoDataLogger.cpp */,
				3E41C05615D50A17001FDFCB /* MocoRegistrationProperty.h */,
				3E41C05715D50A17001FDFCB /* MocoRegistrationProperty.m */,
				3E41C05415D50A17001FDFCB /* MocoRegistration.h */,
				3E41C05515D50A17001FDFCB /* MocoRegistration.mm */,
				3E56B30715C7C12700493310 /* MocoDrawView.xib */,
				3EDA32D915513A7900787007 /* MainMenu.xib */,
				3EDA32CB15513A7900787007 /* Supporting Files */,
			);
			path = MocoApplication;
			sourceTree = "<group>";
		};
		3EDA32CB15513A7900787007 /* Supporting Files */ = {
			isa = PBXGroup;
			children = (
				3E57015515A44D7000845683 /* defaultRegParams.plist */,
				3EDA32CC15513A7900787007 /* MocoApplication-Info.plist */,
				3EDA32CD15513A7900787007 /* InfoPlist.strings */,
				3EDA32D015513A7900787007 /* MocoApplication-Prefix.pch */,
				3EDA32D115513A7900787007 /* main.m */,
				3EDA32D315513A7900787007 /* Credits.rtf */,
			);
			name = "Supporting Files";
			sourceTree = "<group>";
		};
		3EEE66BB1553E74600AA0F7F /* Products */ = {
			isa = PBXGroup;
			children = (
				3EEE66C41553E74600AA0F7F /* CorePlot.framework */,
				3EEE66C61553E74600AA0F7F /* UnitTests.octest */,
			);
			name = Products;
			sourceTree = "<group>";
		};
/* End PBXGroup section */

/* Begin PBXHeadersBuildPhase section */
		3E98904416149E4300086C21 /* Headers */ = {
			isa = PBXHeadersBuildPhase;
			buildActionMask = 2147483647;
			files = (
				3E98905D16149EA100086C21 /* EDDataElement.h in Headers */,
				3E98905F16149EA100086C21 /* EDDataElementIsis.h in Headers */,
				3E98906116149EA100086C21 /* EDDataElementIsisRealTime.h in Headers */,
				3E98906316149EA100086C21 /* EDDataElementRealTimeLoader.h in Headers */,
				3E98906816149EA100086C21 /* EDIsisImage.h in Headers */,
				3EF416341615A2E200443485 /* BARTNotifications.h in Headers */,
			);
			runOnlyForDeploymentPostprocessing = 0;
		};
/* End PBXHeadersBuildPhase section */

/* Begin PBXNativeTarget section */
		3E3B07A515ED2EDC00198665 /* MocoApplicationTest */ = {
			isa = PBXNativeTarget;
			buildConfigurationList = 3E3B07B315ED2EDC00198665 /* Build configuration list for PBXNativeTarget "MocoApplicationTest" */;
			buildPhases = (
				3E3B07A115ED2EDC00198665 /* Sources */,
				3E3B07A215ED2EDC00198665 /* Frameworks */,
				3E3B07A315ED2EDC00198665 /* Resources */,
				3E3B07A415ED2EDC00198665 /* ShellScript */,
			);
			buildRules = (
			);
			dependencies = (
				3E3B080115EE3D4700198665 /* PBXTargetDependency */,
			);
			name = MocoApplicationTest;
			productName = MocoApplicationTest;
			productReference = 3E3B07A615ED2EDC00198665 /* MocoApplicationTest.octest */;
			productType = "com.apple.product-type.bundle";
		};
		3E98904516149E4300086C21 /* EDNA */ = {
			isa = PBXNativeTarget;
			buildConfigurationList = 3E98904E16149E4300086C21 /* Build configuration list for PBXNativeTarget "EDNA" */;
			buildPhases = (
				3E98904216149E4300086C21 /* Sources */,
				3E98904316149E4300086C21 /* Frameworks */,
				3E98904416149E4300086C21 /* Headers */,
				3EF4164C1615A9AB00443485 /* CopyFiles */,
			);
			buildRules = (
			);
			dependencies = (
			);
			name = EDNA;
			productName = EDNA;
			productReference = 3E98904616149E4300086C21 /* EDNA.dylib */;
			productType = "com.apple.product-type.library.dynamic";
		};
		3EDA32BF15513A7900787007 /* MocoApplication */ = {
			isa = PBXNativeTarget;
			buildConfigurationList = 3EDA32DE15513A7900787007 /* Build configuration list for PBXNativeTarget "MocoApplication" */;
			buildPhases = (
				3EDA32BC15513A7900787007 /* Sources */,
				3EDA32BD15513A7900787007 /* Frameworks */,
				3EDA32BE15513A7900787007 /* Resources */,
				3E7DB66D15A45AEF002966AE /* CopyFiles */,
			);
			buildRules = (
			);
			dependencies = (
				3EEE66D01553E9C500AA0F7F /* PBXTargetDependency */,
			);
			name = MocoApplication;
			productName = MocoApplication;
			productReference = 3EDA32C015513A7900787007 /* MocoApplication.app */;
			productType = "com.apple.product-type.application";
		};
/* End PBXNativeTarget section */

/* Begin PBXProject section */
		3EDA32B715513A7900787007 /* Project object */ = {
			isa = PBXProject;
			attributes = {
				LastUpgradeCheck = 0440;
			};
			buildConfigurationList = 3EDA32BA15513A7900787007 /* Build configuration list for PBXProject "MocoApplication" */;
			compatibilityVersion = "Xcode 3.2";
			developmentRegion = English;
			hasScannedForEncodings = 0;
			knownRegions = (
				en,
			);
			mainGroup = 3EDA32B515513A7900787007;
			productRefGroup = 3EDA32C115513A7900787007 /* Products */;
			projectDirPath = "";
			projectReferences = (
				{
					ProductGroup = 3EEE66BB1553E74600AA0F7F /* Products */;
					ProjectRef = 3EEE66BA1553E74600AA0F7F /* CorePlot.xcodeproj */;
				},
			);
			projectRoot = "";
			targets = (
				3EDA32BF15513A7900787007 /* MocoApplication */,
				3E3B07A515ED2EDC00198665 /* MocoApplicationTest */,
				3E98904516149E4300086C21 /* EDNA */,
			);
		};
/* End PBXProject section */

/* Begin PBXReferenceProxy section */
		3EEE66C41553E74600AA0F7F /* CorePlot.framework */ = {
			isa = PBXReferenceProxy;
			fileType = wrapper.framework;
			path = CorePlot.framework;
			remoteRef = 3EEE66C31553E74600AA0F7F /* PBXContainerItemProxy */;
			sourceTree = BUILT_PRODUCTS_DIR;
		};
		3EEE66C61553E74600AA0F7F /* UnitTests.octest */ = {
			isa = PBXReferenceProxy;
			fileType = wrapper.cfbundle;
			path = UnitTests.octest;
			remoteRef = 3EEE66C51553E74600AA0F7F /* PBXContainerItemProxy */;
			sourceTree = BUILT_PRODUCTS_DIR;
		};
/* End PBXReferenceProxy section */

/* Begin PBXResourcesBuildPhase section */
		3E3B07A315ED2EDC00198665 /* Resources */ = {
			isa = PBXResourcesBuildPhase;
			buildActionMask = 2147483647;
			files = (
				3E3B07AE15ED2EDC00198665 /* InfoPlist.strings in Resources */,
			);
			runOnlyForDeploymentPostprocessing = 0;
		};
		3EDA32BE15513A7900787007 /* Resources */ = {
			isa = PBXResourcesBuildPhase;
			buildActionMask = 2147483647;
			files = (
				3EDA32CF15513A7900787007 /* InfoPlist.strings in Resources */,
				3EDA32D515513A7900787007 /* Credits.rtf in Resources */,
				3EDA32DB15513A7900787007 /* MainMenu.xib in Resources */,
				3E57015615A44D7000845683 /* defaultRegParams.plist in Resources */,
				3E56B30815C7C12800493310 /* MocoDrawView.xib in Resources */,
			);
			runOnlyForDeploymentPostprocessing = 0;
		};
/* End PBXResourcesBuildPhase section */

/* Begin PBXShellScriptBuildPhase section */
		3E3B07A415ED2EDC00198665 /* ShellScript */ = {
			isa = PBXShellScriptBuildPhase;
			buildActionMask = 2147483647;
			files = (
			);
			inputPaths = (
			);
			outputPaths = (
			);
			runOnlyForDeploymentPostprocessing = 0;
			shellPath = /bin/sh;
			shellScript = "# Run the unit tests in this test bundle.\n\"${SYSTEM_DEVELOPER_DIR}/Tools/RunUnitTests\"\n";
		};
/* End PBXShellScriptBuildPhase section */

/* Begin PBXSourcesBuildPhase section */
		3E3B07A115ED2EDC00198665 /* Sources */ = {
			isa = PBXSourcesBuildPhase;
			buildActionMask = 2147483647;
			files = (
				3E3B07B115ED2EDC00198665 /* MocoApplicationTest.m in Sources */,
				3E3B080415EE410700198665 /* MocoRegistrationTest.m in Sources */,
			);
			runOnlyForDeploymentPostprocessing = 0;
		};
		3E98904216149E4300086C21 /* Sources */ = {
			isa = PBXSourcesBuildPhase;
			buildActionMask = 2147483647;
			files = (
				3E98905E16149EA100086C21 /* EDDataElement.mm in Sources */,
				3E98906016149EA100086C21 /* EDDataElementIsis.mm in Sources */,
				3E98906216149EA100086C21 /* EDDataElementIsisRealTime.mm in Sources */,
				3E98906416149EA100086C21 /* EDDataElementRealTimeLoader.mm in Sources */,
				3E98906716149EA100086C21 /* EDIsisImage.cpp in Sources */,
				3EF416351615A2E200443485 /* BARTNotifications.m in Sources */,
			);
			runOnlyForDeploymentPostprocessing = 0;
		};
		3EDA32BC15513A7900787007 /* Sources */ = {
			isa = PBXSourcesBuildPhase;
			buildActionMask = 2147483647;
			files = (
				3EDA32D215513A7900787007 /* main.m in Sources */,
				3EDA32D815513A7900787007 /* MocoApplicationAppDelegate.mm in Sources */,
				3E3B080715EE468D00198665 /* MocoApplicationViewController.mm in Sources */,
				3EDA32EB15513BFE00787007 /* MocoDrawTranslationView.m in Sources */,
				3EEE66D415566DCB00AA0F7F /* MocoDrawViewController.m in Sources */,
				3E56B30C15C7C47D00493310 /* MocoDrawRotationView.m in Sources */,
				3E41C05815D50A17001FDFCB /* MocoRegistration.mm in Sources */,
				3E41C05915D50A17001FDFCB /* MocoRegistrationProperty.m in Sources */,
				3EA6E32E1622DCA7001F3C6E /* MocoDataLogger.cpp in Sources */,
			);
			runOnlyForDeploymentPostprocessing = 0;
		};
/* End PBXSourcesBuildPhase section */

/* Begin PBXTargetDependency section */
		3E3B080115EE3D4700198665 /* PBXTargetDependency */ = {
			isa = PBXTargetDependency;
			target = 3EDA32BF15513A7900787007 /* MocoApplication */;
			targetProxy = 3E3B080015EE3D4700198665 /* PBXContainerItemProxy */;
		};
		3EEE66D01553E9C500AA0F7F /* PBXTargetDependency */ = {
			isa = PBXTargetDependency;
			name = CorePlot;
			targetProxy = 3EEE66CF1553E9C500AA0F7F /* PBXContainerItemProxy */;
		};
/* End PBXTargetDependency section */

/* Begin PBXVariantGroup section */
		3E3B07AC15ED2EDC00198665 /* InfoPlist.strings */ = {
			isa = PBXVariantGroup;
			children = (
				3E3B07AD15ED2EDC00198665 /* en */,
			);
			name = InfoPlist.strings;
			sourceTree = "<group>";
		};
		3EDA32CD15513A7900787007 /* InfoPlist.strings */ = {
			isa = PBXVariantGroup;
			children = (
				3EDA32CE15513A7900787007 /* en */,
			);
			name = InfoPlist.strings;
			sourceTree = "<group>";
		};
		3EDA32D315513A7900787007 /* Credits.rtf */ = {
			isa = PBXVariantGroup;
			children = (
				3EDA32D415513A7900787007 /* en */,
			);
			name = Credits.rtf;
			sourceTree = "<group>";
		};
		3EDA32D915513A7900787007 /* MainMenu.xib */ = {
			isa = PBXVariantGroup;
			children = (
				3EDA32DA15513A7900787007 /* en */,
			);
			name = MainMenu.xib;
			sourceTree = "<group>";
		};
/* End PBXVariantGroup section */

/* Begin XCBuildConfiguration section */
		3E3B07B415ED2EDC00198665 /* Debug */ = {
			isa = XCBuildConfiguration;
			buildSettings = {
				ALWAYS_SEARCH_USER_PATHS = NO;
				CLANG_CXX_LANGUAGE_STANDARD = "gnu++0x";
				CLANG_ENABLE_OBJC_ARC = YES;
				CLANG_WARN__DUPLICATE_METHOD_MATCH = YES;
				COMBINE_HIDPI_IMAGES = YES;
				COPY_PHASE_STRIP = NO;
				FRAMEWORK_SEARCH_PATHS = "\"$(DEVELOPER_LIBRARY_DIR)/Frameworks\"";
				GCC_DYNAMIC_NO_PIC = NO;
				GCC_ENABLE_OBJC_EXCEPTIONS = YES;
				GCC_OPTIMIZATION_LEVEL = 0;
				GCC_PRECOMPILE_PREFIX_HEADER = YES;
				GCC_PREFIX_HEADER = "MocoApplicationTest/MocoApplicationTest-Prefix.pch";
				GCC_PREPROCESSOR_DEFINITIONS = (
					"DEBUG=1",
					"$(inherited)",
				);
				GCC_WARN_64_TO_32_BIT_CONVERSION = YES;
				GCC_WARN_UNINITIALIZED_AUTOS = YES;
				INFOPLIST_FILE = "MocoApplicationTest/MocoApplicationTest-Info.plist";
				PRODUCT_NAME = "$(TARGET_NAME)";
				WRAPPER_EXTENSION = octest;
			};
			name = Debug;
		};
		3E3B07B515ED2EDC00198665 /* Release */ = {
			isa = XCBuildConfiguration;
			buildSettings = {
				ALWAYS_SEARCH_USER_PATHS = NO;
				CLANG_CXX_LANGUAGE_STANDARD = "gnu++0x";
				CLANG_ENABLE_OBJC_ARC = YES;
				CLANG_WARN__DUPLICATE_METHOD_MATCH = YES;
				COMBINE_HIDPI_IMAGES = YES;
				COPY_PHASE_STRIP = YES;
				DEBUG_INFORMATION_FORMAT = "dwarf-with-dsym";
				FRAMEWORK_SEARCH_PATHS = "\"$(DEVELOPER_LIBRARY_DIR)/Frameworks\"";
				GCC_ENABLE_OBJC_EXCEPTIONS = YES;
				GCC_PRECOMPILE_PREFIX_HEADER = YES;
				GCC_PREFIX_HEADER = "MocoApplicationTest/MocoApplicationTest-Prefix.pch";
				GCC_WARN_64_TO_32_BIT_CONVERSION = YES;
				GCC_WARN_UNINITIALIZED_AUTOS = YES;
				INFOPLIST_FILE = "MocoApplicationTest/MocoApplicationTest-Info.plist";
				PRODUCT_NAME = "$(TARGET_NAME)";
				WRAPPER_EXTENSION = octest;
			};
			name = Release;
		};
		3E98904F16149E4300086C21 /* Debug */ = {
			isa = XCBuildConfiguration;
			buildSettings = {
				ALWAYS_SEARCH_USER_PATHS = NO;
				COPY_PHASE_STRIP = NO;
				DYLIB_COMPATIBILITY_VERSION = 1;
				DYLIB_CURRENT_VERSION = 1;
				GCC_DYNAMIC_NO_PIC = NO;
				GCC_ENABLE_OBJC_EXCEPTIONS = YES;
				GCC_OPTIMIZATION_LEVEL = 0;
				GCC_PRECOMPILE_PREFIX_HEADER = YES;
				GCC_PREFIX_HEADER = "EDNA/EDNA-Prefix.pch";
				GCC_PREPROCESSOR_DEFINITIONS = (
					"DEBUG=1",
					"$(inherited)",
				);
				GCC_WARN_64_TO_32_BIT_CONVERSION = NO;
				GCC_WARN_UNINITIALIZED_AUTOS = YES;
				HEADER_SEARCH_PATHS = (
					"$(inherited)",
					/opt/X11/include/,
				);
				LD_DYLIB_INSTALL_NAME = "$(EXECUTABLE_PATH)";
				LIBRARY_SEARCH_PATHS = (
					"$(inherited)",
					/usr/local/lib/InsightToolkit,
				);
				PRODUCT_NAME = "$(TARGET_NAME)";
			};
			name = Debug;
		};
		3E98905016149E4300086C21 /* Release */ = {
			isa = XCBuildConfiguration;
			buildSettings = {
				ALWAYS_SEARCH_USER_PATHS = NO;
				COPY_PHASE_STRIP = YES;
				DEBUG_INFORMATION_FORMAT = "dwarf-with-dsym";
				DYLIB_COMPATIBILITY_VERSION = 1;
				DYLIB_CURRENT_VERSION = 1;
				GCC_ENABLE_OBJC_EXCEPTIONS = YES;
				GCC_OPTIMIZATION_LEVEL = 0;
				GCC_PRECOMPILE_PREFIX_HEADER = YES;
				GCC_PREFIX_HEADER = "EDNA/EDNA-Prefix.pch";
				GCC_WARN_64_TO_32_BIT_CONVERSION = NO;
				GCC_WARN_UNINITIALIZED_AUTOS = YES;
				HEADER_SEARCH_PATHS = (
					/usr/local/include,
					/opt/X11/include/,
					"/Users/mhollmann/programs/InsightToolkit-3.20.1/build/release/",
				);
				LD_DYLIB_INSTALL_NAME = "$(EXECUTABLE_PATH)";
				LIBRARY_SEARCH_PATHS = (
					"$(inherited)",
					/usr/local/lib/InsightToolkit,
				);
				PRODUCT_NAME = "$(TARGET_NAME)";
			};
			name = Release;
		};
		3EDA32DC15513A7900787007 /* Debug */ = {
			isa = XCBuildConfiguration;
			buildSettings = {
				ARCHS = "$(ARCHS_STANDARD_64_BIT)";
				GCC_C_LANGUAGE_STANDARD = gnu99;
				GCC_OPTIMIZATION_LEVEL = 3;
				GCC_PREPROCESSOR_DEFINITIONS = (
					"_ENABLE_DEBUG=1",
					"_ENABLE_LOG=1",
					"_GLIBCXX_FULLY_DYNAMIC_STRING=1",
				);
				GCC_SYMBOLS_PRIVATE_EXTERN = NO;
				GCC_VERSION = com.apple.compilers.llvmgcc42;
				GCC_WARN_64_TO_32_BIT_CONVERSION = NO;
				GCC_WARN_ABOUT_RETURN_TYPE = YES;
				GCC_WARN_UNUSED_VARIABLE = YES;
				HEADER_SEARCH_PATHS = (
					/usr/local/include,
					/usr/local/include/isis,
					/usr/local/include/InsightToolkit,
					/usr/local/include/InsightToolkit/Common,
					/usr/local/include/InsightToolkit/Utilities,
					/usr/local/include/InsightToolkit/Utilities/vxl/vcl,
					/usr/local/include/InsightToolkit/Utilities/vxl/v3p/netlib,
					/usr/local/include/InsightToolkit/Utilities/vxl/core,
					/usr/local/include/InsightToolkit/Utilities/gdcm,
					/usr/local/include/InsightToolkit/Utilities/gdcm/src,
					/usr/local/include/InsightToolkit/SpatialObject,
					/usr/local/include/InsightToolkit/Numerics,
					/usr/local/include/InsightToolkit/Numerics/Statistics,
					/usr/local/include/InsightToolkit/Algorithms,
					/usr/local/include/InsightToolkit/BasicFilters,
					/usr/local/include/InsightToolkit/IO,
					/usr/local/include/InsightToolkit/Review,
				);
				LIBRARY_SEARCH_PATHS = (
					/usr/local/lib,
					/usr/local/lib/isis/,
					/usr/local/lib/InsightToolkit,
					"/Users/mhollmann/programs/InsightToolkit-3.20.1/build/debug/bin",
				);
				MACOSX_DEPLOYMENT_TARGET = 10.8;
				ONLY_ACTIVE_ARCH = YES;
				SDKROOT = macosx;
			};
			name = Debug;
		};
		3EDA32DD15513A7900787007 /* Release */ = {
			isa = XCBuildConfiguration;
			buildSettings = {
				ARCHS = "$(ARCHS_STANDARD_64_BIT)";
				GCC_C_LANGUAGE_STANDARD = gnu99;
				GCC_OPTIMIZATION_LEVEL = 3;
				GCC_PREPROCESSOR_DEFINITIONS = (
					"_ENABLE_DEBUG=0",
					"_ENABLE_LOG=1",
					"_GLIBCXX_FULLY_DYNAMIC_STRING=1",
				);
				GCC_VERSION = com.apple.compilers.llvmgcc42;
				GCC_WARN_64_TO_32_BIT_CONVERSION = NO;
				GCC_WARN_ABOUT_RETURN_TYPE = YES;
				GCC_WARN_UNUSED_VARIABLE = YES;
				HEADER_SEARCH_PATHS = (
					/usr/local/include/InsightToolkit/Common,
					/usr/local/include/InsightToolkit/Utilities/vxl/vcl,
				);
				MACOSX_DEPLOYMENT_TARGET = 10.8;
				ONLY_ACTIVE_ARCH = YES;
				SDKROOT = macosx;
				"VALID_ARCHS[sdk=*]" = "i386 x86_64";
			};
			name = Release;
		};
		3EDA32DF15513A7900787007 /* Debug */ = {
			isa = XCBuildConfiguration;
			buildSettings = {
				ALWAYS_SEARCH_USER_PATHS = YES;
				COMBINE_HIDPI_IMAGES = YES;
				COPY_PHASE_STRIP = NO;
				FRAMEWORK_SEARCH_PATHS = (
					"$(inherited)",
					"\"$(SRCROOT)\"",
				);
				GCC_DYNAMIC_NO_PIC = NO;
				GCC_ENABLE_OBJC_EXCEPTIONS = YES;
				GCC_OPTIMIZATION_LEVEL = 3;
				GCC_PRECOMPILE_PREFIX_HEADER = YES;
				GCC_PREFIX_HEADER = "MocoApplication/MocoApplication-Prefix.pch";
				GCC_VERSION = com.apple.compilers.llvmgcc42;
				GCC_WARN_64_TO_32_BIT_CONVERSION = NO;
				HEADER_SEARCH_PATHS = "$(inherited)";
				INFOPLIST_FILE = "MocoApplication/MocoApplication-Info.plist";
				LIBRARY_SEARCH_PATHS = (
					/usr/local/lib/isis/,
					"\"/usr/local/lib\"",
					"\"/usr/local/lib/InsightToolkit\"",
					"/Users/mhollmann/programs/InsightToolkit-3.20.1/build/debug/bin",
					/Users/mhollmann/Programming/Library/libEdna,
					"\"$(SRCROOT)/../../../programs/boost_1_47_0/stage/lib\"",
					"\"$(SRCROOT)/../../../programs/boost_1_47_0/bin.v2/libs/date_time/build/darwin-4.2.1/release/threading-multi\"",
					"\"$(SRCROOT)/../../../programs/boost_1_47_0/bin.v2/libs/filesystem/build/darwin-4.2.1/release/threading-multi\"",
					"\"$(SRCROOT)/../../../programs/boost_1_47_0/bin.v2/libs/system/build/darwin-4.2.1/release/threading-multi\"",
					"\"$(SRCROOT)\"",
				);
				OTHER_LDFLAGS = (
					"-framework",
					"Foundation,",
					"-framework",
					"AppKit,",
					"-Wl,-search_paths_first",
					"-headerpad_max_install_names",
					"-framework",
					System,
					"-lm",
					"-lpthread",
					"-lm",
				);
				PRODUCT_NAME = "$(TARGET_NAME)";
				WRAPPER_EXTENSION = app;
			};
			name = Debug;
		};
		3EDA32E015513A7900787007 /* Release */ = {
			isa = XCBuildConfiguration;
			buildSettings = {
				ALWAYS_SEARCH_USER_PATHS = YES;
				COMBINE_HIDPI_IMAGES = YES;
				COPY_PHASE_STRIP = YES;
				DEBUG_INFORMATION_FORMAT = "dwarf-with-dsym";
				FRAMEWORK_SEARCH_PATHS = (
					"$(inherited)",
					"\"$(SRCROOT)\"",
				);
				GCC_ENABLE_OBJC_EXCEPTIONS = YES;
				GCC_OPTIMIZATION_LEVEL = 3;
				GCC_PRECOMPILE_PREFIX_HEADER = YES;
				GCC_PREFIX_HEADER = "MocoApplication/MocoApplication-Prefix.pch";
				GCC_PREPROCESSOR_DEFINITIONS = (
					"_ENABLE_DEBUG=0",
					"_ENABLE_LOG=1",
					"_GLIBCXX_FULLY_DYNAMIC_STRING=1",
				);
				GCC_VERSION = com.apple.compilers.llvmgcc42;
				GCC_WARN_64_TO_32_BIT_CONVERSION = NO;
				HEADER_SEARCH_PATHS = (
					/Users/mhollmann/Programming/Library/includeEdna/,
					"/Users/mhollmann/programs/InsightToolkit-3.20.1/build/release/",
					/usr/include,
					/usr/local/include,
					/usr/local/include/isis,
					/usr/local/include/InsightToolkit/Utilities,
					/usr/local/include/InsightToolkit/SpatialObject,
					/usr/local/include/InsightToolkit/Numerics,
					/usr/local/include/InsightToolkit/BasicFilters/,
					/usr/local/include/InsightToolkit/Algorithms,
					/usr/local/include/InsightToolkit/Numerics/Statistics,
					/usr/local/include/InsightToolkit/Common,
					/usr/local/include/InsightToolkit/IO,
					/usr/local/include/InsightToolkit/Review,
					/usr/local/include/InsightToolkit/Utilities/vxl/vcl,
					/usr/local/include/InsightToolkit/Utilities/vxl/core,
					/usr/local/include/InsightToolkit/Utilities/gdcm/src,
					/usr/local/include/InsightToolkit/Utilities/gdcm,
					/usr/local/include/InsightToolkit/Utilities/vxl/v3p/netlib,
				);
				INFOPLIST_FILE = "MocoApplication/MocoApplication-Info.plist";
				LIBRARY_SEARCH_PATHS = (
					"$(inherited)",
					"\"/usr/local/lib\"",
					/usr/local/lib/isis/,
					"/Users/mhollmann/programs/InsightToolkit-3.20.1/build/release/bin",
					/Users/mhollmann/Programming/Library/libEdna,
					/usr/local/lib/InsightToolkit,
					"\"$(SRCROOT)/../../../programs/boost_1_47_0/stage/lib\"",
					"\"$(SRCROOT)/../../../programs/boost_1_47_0/bin.v2/libs/date_time/build/darwin-4.2.1/release/threading-multi\"",
					"\"$(SRCROOT)/../../../programs/boost_1_47_0/bin.v2/libs/filesystem/build/darwin-4.2.1/release/threading-multi\"",
					"\"$(SRCROOT)/../../../programs/boost_1_47_0/bin.v2/libs/system/build/darwin-4.2.1/release/threading-multi\"",
					"\"$(SRCROOT)\"",
				);
				OTHER_LDFLAGS = (
					"-Wl,-search_paths_first",
					"-headerpad_max_install_names",
					"/Users/mhollmann/programs/InsightToolkit-3.20.1/build/release/bin/libITKIO.a",
					"/Users/mhollmann/programs/InsightToolkit-3.20.1/build/release/bin/libITKNumerics.a",
					"/Users/mhollmann/programs/InsightToolkit-3.20.1/build/release/bin/libITKNrrdIO.a",
					"/Users/mhollmann/programs/InsightToolkit-3.20.1/build/release/bin/libitkgdcm.a",
					"/Users/mhollmann/programs/InsightToolkit-3.20.1/build/release/bin/libitkjpeg12.a",
					"/Users/mhollmann/programs/InsightToolkit-3.20.1/build/release/bin/libitkjpeg16.a",
					"/Users/mhollmann/programs/InsightToolkit-3.20.1/build/release/bin/libitkopenjpeg.a",
					"-framework",
					System,
					"/Users/mhollmann/programs/InsightToolkit-3.20.1/build/release/bin/libitkpng.a",
					"/Users/mhollmann/programs/InsightToolkit-3.20.1/build/release/bin/libitktiff.a",
					"/Users/mhollmann/programs/InsightToolkit-3.20.1/build/release/bin/libitkjpeg8.a",
					"/Users/mhollmann/programs/InsightToolkit-3.20.1/build/release/bin/libITKSpatialObject.a",
					"/Users/mhollmann/programs/InsightToolkit-3.20.1/build/release/bin/libITKMetaIO.a",
					"/Users/mhollmann/programs/InsightToolkit-3.20.1/build/release/bin/libITKDICOMParser.a",
					"/Users/mhollmann/programs/InsightToolkit-3.20.1/build/release/bin/libITKEXPAT.a",
					"/Users/mhollmann/programs/InsightToolkit-3.20.1/build/release/bin/libITKniftiio.a",
					"/Users/mhollmann/programs/InsightToolkit-3.20.1/build/release/bin/libITKznz.a",
					"/Users/mhollmann/programs/InsightToolkit-3.20.1/build/release/bin/libitkzlib.a",
					"/Users/mhollmann/programs/InsightToolkit-3.20.1/build/release/bin/libITKCommon.a",
					"/Users/mhollmann/programs/InsightToolkit-3.20.1/build/release/bin/libitksys.a",
					"/Users/mhollmann/programs/InsightToolkit-3.20.1/build/release/bin/libitkvnl_inst.a",
					"/Users/mhollmann/programs/InsightToolkit-3.20.1/build/release/bin/libitkvnl_algo.a",
					"/Users/mhollmann/programs/InsightToolkit-3.20.1/build/release/bin/libitkv3p_netlib.a",
					"/Users/mhollmann/programs/InsightToolkit-3.20.1/build/release/bin/libitkvnl.a",
					"/Users/mhollmann/programs/InsightToolkit-3.20.1/build/release/bin/libitkvcl.a",
					"/Users/mhollmann/programs/InsightToolkit-3.20.1/build/release/bin/libitkv3p_lsqr.a",
					"-lm",
					"-lpthread",
					"-lm",
				);
				PRODUCT_NAME = "$(TARGET_NAME)";
				WRAPPER_EXTENSION = app;
			};
			name = Release;
		};
/* End XCBuildConfiguration section */

/* Begin XCConfigurationList section */
		3E3B07B315ED2EDC00198665 /* Build configuration list for PBXNativeTarget "MocoApplicationTest" */ = {
			isa = XCConfigurationList;
			buildConfigurations = (
				3E3B07B415ED2EDC00198665 /* Debug */,
				3E3B07B515ED2EDC00198665 /* Release */,
			);
			defaultConfigurationIsVisible = 0;
			defaultConfigurationName = Release;
		};
		3E98904E16149E4300086C21 /* Build configuration list for PBXNativeTarget "EDNA" */ = {
			isa = XCConfigurationList;
			buildConfigurations = (
				3E98904F16149E4300086C21 /* Debug */,
				3E98905016149E4300086C21 /* Release */,
			);
			defaultConfigurationIsVisible = 0;
			defaultConfigurationName = Release;
		};
		3EDA32BA15513A7900787007 /* Build configuration list for PBXProject "MocoApplication" */ = {
			isa = XCConfigurationList;
			buildConfigurations = (
				3EDA32DC15513A7900787007 /* Debug */,
				3EDA32DD15513A7900787007 /* Release */,
			);
			defaultConfigurationIsVisible = 0;
			defaultConfigurationName = Release;
		};
		3EDA32DE15513A7900787007 /* Build configuration list for PBXNativeTarget "MocoApplication" */ = {
			isa = XCConfigurationList;
			buildConfigurations = (
				3EDA32DF15513A7900787007 /* Debug */,
				3EDA32E015513A7900787007 /* Release */,
			);
			defaultConfigurationIsVisible = 0;
			defaultConfigurationName = Release;
		};
/* End XCConfigurationList section */
	};
	rootObject = 3EDA32B715513A7900787007 /* Project object */;
}
